
Microsoft Visual Studio Solution File, Format Version 12.00
# Visual Studio 2010
Project("{FAE04EC0-301F-11D3-BF4B-00C04F79EFBC}") = "MetroSlider_SL4", "MetroSlider_SL4\MetroSlider_SL4.csproj", "{1239428C-60A3-4BBD-AF37-9070F90A5B2F}"
EndProject
Global
	GlobalSection(SolutionConfigurationPlatforms) = preSolution
		Debug|Any CPU = Debug|Any CPU
		Release|Any CPU = Release|Any CPU
	EndGlobalSection
	GlobalSection(ProjectConfigurationPlatforms) = postSolution
		{1239428C-60A3-4BBD-AF37-9070F90A5B2F}.Debug|Any CPU.ActiveCfg = Debug|Any CPU
		{1239428C-60A3-4BBD-AF37-9070F90A5B2F}.Debug|Any CPU.Build.0 = Debug|Any CPU
		{1239428C-60A3-4BBD-AF37-9070F90A5B2F}.Release|Any CPU.ActiveCfg = Release|Any CPU
		{1239428C-60A3-4BBD-AF37-9070F90A5B2F}.Release|Any CPU.Build.0 = Release|Any CPU
	EndGlobalSection
	GlobalSection(SolutionProperties) = preSolution
		HideSolutionNode = FALSE
	EndGlobalSection
EndGlobal
